
Microsoft Visual Studio Solution File, Format Version 12.00
# Visual Studio Version 17
VisualStudioVersion = 17.7.34031.279
MinimumVisualStudioVersion = 10.0.40219.1
Project("{FAE04EC0-301F-11D3-BF4B-00C04F79EFBC}") = "PM2E147.Android", "PM2E147.Android\PM2E147.Android.csproj", "{E14CF43A-2BF7-4C86-9025-A8D5ADEE8766}"
EndProject
Project("{FAE04EC0-301F-11D3-BF4B-00C04F79EFBC}") = "PM2E147", "PM2E147\PM2E147.csproj", "{A6B94D2E-F4E0-47A3-954E-C4DCBD8EF167}"
EndProject
Global
	GlobalSection(SolutionConfigurationPlatforms) = preSolution
		Debug|Any CPU = Debug|Any CPU
		Release|Any CPU = Release|Any CPU
	EndGlobalSection
	GlobalSection(ProjectConfigurationPlatforms) = postSolution
		{E14CF43A-2BF7-4C86-9025-A8D5ADEE8766}.Debug|Any CPU.ActiveCfg = Debug|Any CPU
		{E14CF43A-2BF7-4C86-9025-A8D5ADEE8766}.Debug|Any CPU.Build.0 = Debug|Any CPU
		{E14CF43A-2BF7-4C86-9025-A8D5ADEE8766}.Debug|Any CPU.Deploy.0 = Debug|Any CPU
		{E14CF43A-2BF7-4C86-9025-A8D5ADEE8766}.Release|Any CPU.ActiveCfg = Release|Any CPU
		{E14CF43A-2BF7-4C86-9025-A8D5ADEE8766}.Release|Any CPU.Build.0 = Release|Any CPU
		{E14CF43A-2BF7-4C86-9025-A8D5ADEE8766}.Release|Any CPU.Deploy.0 = Release|Any CPU
		{A6B94D2E-F4E0-47A3-954E-C4DCBD8EF167}.Debug|Any CPU.ActiveCfg = Debug|Any CPU
		{A6B94D2E-F4E0-47A3-954E-C4DCBD8EF167}.Debug|Any CPU.Build.0 = Debug|Any CPU
		{A6B94D2E-F4E0-47A3-954E-C4DCBD8EF167}.Debug|Any CPU.Deploy.0 = Debug|Any CPU
		{A6B94D2E-F4E0-47A3-954E-C4DCBD8EF167}.Release|Any CPU.ActiveCfg = Release|Any CPU
		{A6B94D2E-F4E0-47A3-954E-C4DCBD8EF167}.Release|Any CPU.Build.0 = Release|Any CPU
		{A6B94D2E-F4E0-47A3-954E-C4DCBD8EF167}.Release|Any CPU.Deploy.0 = Release|Any CPU
	EndGlobalSection
	GlobalSection(SolutionProperties) = preSolution
		HideSolutionNode = FALSE
	EndGlobalSection
	GlobalSection(ExtensibilityGlobals) = postSolution
		SolutionGuid = {1845419D-2683-402A-B078-A85AB5C4B3CF}
	EndGlobalSection
EndGlobal
